
Microsoft Visual Studio Solution File, Format Version 12.00
# Visual Studio 15
VisualStudioVersion = 15.0.27428.2011
MinimumVisualStudioVersion = 10.0.40219.1
Project("{FAE04EC0-301F-11D3-BF4B-00C04F79EFBC}") = "LibStd20", "LibStd20\LibStd20.csproj", "{D7632A23-0564-49AB-BDF5-C0DE9AD13C93}"
EndProject
Project("{FAE04EC0-301F-11D3-BF4B-00C04F79EFBC}") = "Serilaize.Linq.Tests", "Serilaize.Linq.Tests\Serilaize.Linq.Tests.csproj", "{7DD793AE-732C-49CA-8285-AAAF06744E77}"
EndProject
Global
	GlobalSection(SolutionConfigurationPlatforms) = preSolution
		Debug|Any CPU = Debug|Any CPU
		Release|Any CPU = Release|Any CPU
	EndGlobalSection
	GlobalSection(ProjectConfigurationPlatforms) = postSolution
		{D7632A23-0564-49AB-BDF5-C0DE9AD13C93}.Debug|Any CPU.ActiveCfg = Debug|Any CPU
		{D7632A23-0564-49AB-BDF5-C0DE9AD13C93}.Debug|Any CPU.Build.0 = Debug|Any CPU
		{D7632A23-0564-49AB-BDF5-C0DE9AD13C93}.Release|Any CPU.ActiveCfg = Release|Any CPU
		{D7632A23-0564-49AB-BDF5-C0DE9AD13C93}.Release|Any CPU.Build.0 = Release|Any CPU
		{7DD793AE-732C-49CA-8285-AAAF06744E77}.Debug|Any CPU.ActiveCfg = Debug|Any CPU
		{7DD793AE-732C-49CA-8285-AAAF06744E77}.Debug|Any CPU.Build.0 = Debug|Any CPU
		{7DD793AE-732C-49CA-8285-AAAF06744E77}.Release|Any CPU.ActiveCfg = Release|Any CPU
		{7DD793AE-732C-49CA-8285-AAAF06744E77}.Release|Any CPU.Build.0 = Release|Any CPU
	EndGlobalSection
	GlobalSection(SolutionProperties) = preSolution
		HideSolutionNode = FALSE
	EndGlobalSection
	GlobalSection(ExtensibilityGlobals) = postSolution
		SolutionGuid = {B05521F7-13CB-4EF0-B768-646563895717}
	EndGlobalSection
EndGlobal
